// !$*UTF8*$!
{
	archiveVersion = 1;
	classes = {
	};
	objectVersion = 46;
	objects = {

/* Begin PBXBuildFile section */
		2F120437139CD3CB00C9096B /* AddNewRecordVIewController.m in Sources */ = {isa = PBXBuildFile; fileRef = 2F120436139CD3CB00C9096B /* AddNewRecordVIewController.m */; };
		2F24A6F3138E54BF00B34B3D /* UIKit.framework in Frameworks */ = {isa = PBXBuildFile; fileRef = 2F24A6F2138E54BF00B34B3D /* UIKit.framework */; };
		2F24A6F5138E54BF00B34B3D /* Foundation.framework in Frameworks */ = {isa = PBXBuildFile; fileRef = 2F24A6F4138E54BF00B34B3D /* Foundation.framework */; };
		2F24A6F7138E54BF00B34B3D /* CoreGraphics.framework in Frameworks */ = {isa = PBXBuildFile; fileRef = 2F24A6F6138E54BF00B34B3D /* CoreGraphics.framework */; };
		2F24A6FD138E54BF00B34B3D /* InfoPlist.strings in Resources */ = {isa = PBXBuildFile; fileRef = 2F24A6FB138E54BF00B34B3D /* InfoPlist.strings */; };
		2F24A700138E54BF00B34B3D /* main.m in Sources */ = {isa = PBXBuildFile; fileRef = 2F24A6FF138E54BF00B34B3D /* main.m */; };
		2F24A703138E54BF00B34B3D /* NodaziAppDelegate.m in Sources */ = {isa = PBXBuildFile; fileRef = 2F24A702138E54BF00B34B3D /* NodaziAppDelegate.m */; };
		2F24A706138E54C000B34B3D /* MainWindow.xib in Resources */ = {isa = PBXBuildFile; fileRef = 2F24A704138E54C000B34B3D /* MainWindow.xib */; };
		2F24A709138E54C000B34B3D /* FirstViewController.m in Sources */ = {isa = PBXBuildFile; fileRef = 2F24A708138E54C000B34B3D /* FirstViewController.m */; };
		2F24A70C138E54C000B34B3D /* SecondViewController.m in Sources */ = {isa = PBXBuildFile; fileRef = 2F24A70B138E54C000B34B3D /* SecondViewController.m */; };
		2F24A70F138E54C000B34B3D /* FirstView.xib in Resources */ = {isa = PBXBuildFile; fileRef = 2F24A70D138E54C000B34B3D /* FirstView.xib */; };
		2F24A712138E54C000B34B3D /* SecondView.xib in Resources */ = {isa = PBXBuildFile; fileRef = 2F24A710138E54C000B34B3D /* SecondView.xib */; };
		2F24A719138E5B7900B34B3D /* Black-Camera-Symbol-48.png in Resources */ = {isa = PBXBuildFile; fileRef = 2F24A718138E5B7900B34B3D /* Black-Camera-Symbol-48.png */; };
		2F24A71D138E5D9800B34B3D /* Calender-48.png in Resources */ = {isa = PBXBuildFile; fileRef = 2F24A71A138E5D9800B34B3D /* Calender-48.png */; };
		2F24A71E138E5D9800B34B3D /* Shopping-Cart-48.png in Resources */ = {isa = PBXBuildFile; fileRef = 2F24A71B138E5D9800B34B3D /* Shopping-Cart-48.png */; };
		2F24A71F138E5D9800B34B3D /* Wrench-48.png in Resources */ = {isa = PBXBuildFile; fileRef = 2F24A71C138E5D9800B34B3D /* Wrench-48.png */; };
		2F24A723138E5F4900B34B3D /* Book-48.png in Resources */ = {isa = PBXBuildFile; fileRef = 2F24A722138E5F4900B34B3D /* Book-48.png */; };
		2F24A72B138E60C300B34B3D /* ExpenseViewController.m in Sources */ = {isa = PBXBuildFile; fileRef = 2F24A729138E60C300B34B3D /* ExpenseViewController.m */; };
		2F24A72C138E60C300B34B3D /* ExpenseView.xib in Resources */ = {isa = PBXBuildFile; fileRef = 2F24A72A138E60C300B34B3D /* ExpenseView.xib */; };
		2FA0E228138E6E24006D7714 /* SettingViewController.m in Sources */ = {isa = PBXBuildFile; fileRef = 2FA0E226138E6E24006D7714 /* SettingViewController.m */; };
		2FA0E229138E6E24006D7714 /* SettingView.xib in Resources */ = {isa = PBXBuildFile; fileRef = 2FA0E227138E6E24006D7714 /* SettingView.xib */; };
		2FA0E22E138E7D90006D7714 /* SettingCell.m in Sources */ = {isa = PBXBuildFile; fileRef = 2FA0E22D138E7D90006D7714 /* SettingCell.m */; };
		2FDC144A1398BA51007B1723 /* AddNewRecordView.xib in Resources */ = {isa = PBXBuildFile; fileRef = 2FDC14491398BA51007B1723 /* AddNewRecordView.xib */; };
		2FE34FD9139288420035D58E /* calendar_blank.png in Resources */ = {isa = PBXBuildFile; fileRef = 2FE34FD8139288420035D58E /* calendar_blank.png */; };
		AC1960BA139E5EA5009536FC /* MapKit.framework in Frameworks */ = {isa = PBXBuildFile; fileRef = AC1960B9139E5EA5009536FC /* MapKit.framework */; };
		AC44C69F1392A2200078E586 /* Add-32.png in Resources */ = {isa = PBXBuildFile; fileRef = AC44C69E1392A2200078E586 /* Add-32.png */; };
		ACEC1C4513933F74009DD4EA /* PlannerMainView.m in Sources */ = {isa = PBXBuildFile; fileRef = ACEC1C4313933F74009DD4EA /* PlannerMainView.m */; };
		ACEC1C4613933F74009DD4EA /* PlannerMainView.xib in Resources */ = {isa = PBXBuildFile; fileRef = ACEC1C4413933F74009DD4EA /* PlannerMainView.xib */; };
		BC9416EE139DF63F0022DEE2 /* Start-up Screen.xib in Resources */ = {isa = PBXBuildFile; fileRef = BC9416ED139DF63F0022DEE2 /* Start-up Screen.xib */; };
		BC9416F8139DFDFE0022DEE2 /* Reset All Data.xib in Resources */ = {isa = PBXBuildFile; fileRef = BC9416F5139DFDFE0022DEE2 /* Reset All Data.xib */; };
		BC9416F9139DFDFE0022DEE2 /* Monthly Start Date.xib in Resources */ = {isa = PBXBuildFile; fileRef = BC9416F6139DFDFE0022DEE2 /* Monthly Start Date.xib */; };
		BC9416FA139DFDFE0022DEE2 /* Enable Password.xib in Resources */ = {isa = PBXBuildFile; fileRef = BC9416F7139DFDFE0022DEE2 /* Enable Password.xib */; };
		BCE024511399ECAC00ED7003 /* Show Tooltip.xib in Resources */ = {isa = PBXBuildFile; fileRef = BCE024501399ECAC00ED7003 /* Show Tooltip.xib */; };
/* End PBXBuildFile section */

/* Begin PBXFileReference section */
		2F120435139CD3CB00C9096B /* AddNewRecordVIewController.h */ = {isa = PBXFileReference; fileEncoding = 4; lastKnownFileType = sourcecode.c.h; path = AddNewRecordVIewController.h; sourceTree = "<group>"; };
		2F120436139CD3CB00C9096B /* AddNewRecordVIewController.m */ = {isa = PBXFileReference; fileEncoding = 4; lastKnownFileType = sourcecode.c.objc; path = AddNewRecordVIewController.m; sourceTree = "<group>"; };
		2F24A6EE138E54BF00B34B3D /* Nodazi.app */ = {isa = PBXFileReference; explicitFileType = wrapper.application; includeInIndex = 0; path = Nodazi.app; sourceTree = BUILT_PRODUCTS_DIR; };
		2F24A6F2138E54BF00B34B3D /* UIKit.framework */ = {isa = PBXFileReference; lastKnownFileType = wrapper.framework; name = UIKit.framework; path = System/Library/Frameworks/UIKit.framework; sourceTree = SDKROOT; };
		2F24A6F4138E54BF00B34B3D /* Foundation.framework */ = {isa = PBXFileReference; lastKnownFileType = wrapper.framework; name = Foundation.framework; path = System/Library/Frameworks/Foundation.framework; sourceTree = SDKROOT; };
		2F24A6F6138E54BF00B34B3D /* CoreGraphics.framework */ = {isa = PBXFileReference; lastKnownFileType = wrapper.framework; name = CoreGraphics.framework; path = System/Library/Frameworks/CoreGraphics.framework; sourceTree = SDKROOT; };
		2F24A6FA138E54BF00B34B3D /* Nodazi-Info.plist */ = {isa = PBXFileReference; lastKnownFileType = text.plist.xml; path = "Nodazi-Info.plist"; sourceTree = "<group>"; };
		2F24A6FC138E54BF00B34B3D /* en */ = {isa = PBXFileReference; lastKnownFileType = text.plist.strings; name = en; path = en.lproj/InfoPlist.strings; sourceTree = "<group>"; };
		2F24A6FE138E54BF00B34B3D /* Nodazi-Prefix.pch */ = {isa = PBXFileReference; lastKnownFileType = sourcecode.c.h; path = "Nodazi-Prefix.pch"; sourceTree = "<group>"; };
		2F24A6FF138E54BF00B34B3D /* main.m */ = {isa = PBXFileReference; lastKnownFileType = sourcecode.c.objc; path = main.m; sourceTree = "<group>"; };
		2F24A701138E54BF00B34B3D /* NodaziAppDelegate.h */ = {isa = PBXFileReference; lastKnownFileType = sourcecode.c.h; path = NodaziAppDelegate.h; sourceTree = "<group>"; };
		2F24A702138E54BF00B34B3D /* NodaziAppDelegate.m */ = {isa = PBXFileReference; lastKnownFileType = sourcecode.c.objc; path = NodaziAppDelegate.m; sourceTree = "<group>"; };
		2F24A705138E54C000B34B3D /* en */ = {isa = PBXFileReference; lastKnownFileType = file.xib; name = en; path = en.lproj/MainWindow.xib; sourceTree = "<group>"; };
		2F24A707138E54C000B34B3D /* FirstViewController.h */ = {isa = PBXFileReference; lastKnownFileType = sourcecode.c.h; path = FirstViewController.h; sourceTree = "<group>"; };
		2F24A708138E54C000B34B3D /* FirstViewController.m */ = {isa = PBXFileReference; lastKnownFileType = sourcecode.c.objc; path = FirstViewController.m; sourceTree = "<group>"; };
		2F24A70A138E54C000B34B3D /* SecondViewController.h */ = {isa = PBXFileReference; lastKnownFileType = sourcecode.c.h; path = SecondViewController.h; sourceTree = "<group>"; };
		2F24A70B138E54C000B34B3D /* SecondViewController.m */ = {isa = PBXFileReference; lastKnownFileType = sourcecode.c.objc; path = SecondViewController.m; sourceTree = "<group>"; };
		2F24A70E138E54C000B34B3D /* en */ = {isa = PBXFileReference; lastKnownFileType = file.xib; name = en; path = en.lproj/FirstView.xib; sourceTree = "<group>"; };
		2F24A711138E54C000B34B3D /* en */ = {isa = PBXFileReference; lastKnownFileType = file.xib; name = en; path = en.lproj/SecondView.xib; sourceTree = "<group>"; };
		2F24A718138E5B7900B34B3D /* Black-Camera-Symbol-48.png */ = {isa = PBXFileReference; lastKnownFileType = image.png; path = "Black-Camera-Symbol-48.png"; sourceTree = "<group>"; };
		2F24A71A138E5D9800B34B3D /* Calender-48.png */ = {isa = PBXFileReference; lastKnownFileType = image.png; path = "Calender-48.png"; sourceTree = "<group>"; };
		2F24A71B138E5D9800B34B3D /* Shopping-Cart-48.png */ = {isa = PBXFileReference; lastKnownFileType = image.png; path = "Shopping-Cart-48.png"; sourceTree = "<group>"; };
		2F24A71C138E5D9800B34B3D /* Wrench-48.png */ = {isa = PBXFileReference; lastKnownFileType = image.png; path = "Wrench-48.png"; sourceTree = "<group>"; };
		2F24A722138E5F4900B34B3D /* Book-48.png */ = {isa = PBXFileReference; lastKnownFileType = image.png; path = "Book-48.png"; sourceTree = "<group>"; };
		2F24A728138E60C300B34B3D /* ExpenseViewController.h */ = {isa = PBXFileReference; fileEncoding = 4; lastKnownFileType = sourcecode.c.h; path = ExpenseViewController.h; sourceTree = "<group>"; };
		2F24A729138E60C300B34B3D /* ExpenseViewController.m */ = {isa = PBXFileReference; fileEncoding = 4; lastKnownFileType = sourcecode.c.objc; path = ExpenseViewController.m; sourceTree = "<group>"; };
		2F24A72A138E60C300B34B3D /* ExpenseView.xib */ = {isa = PBXFileReference; fileEncoding = 4; lastKnownFileType = file.xib; path = ExpenseView.xib; sourceTree = "<group>"; };
		2FA0E225138E6E24006D7714 /* SettingViewController.h */ = {isa = PBXFileReference; fileEncoding = 4; lastKnownFileType = sourcecode.c.h; path = SettingViewController.h; sourceTree = "<group>"; };
		2FA0E226138E6E24006D7714 /* SettingViewController.m */ = {isa = PBXFileReference; fileEncoding = 4; lastKnownFileType = sourcecode.c.objc; path = SettingViewController.m; sourceTree = "<group>"; };
		2FA0E227138E6E24006D7714 /* SettingView.xib */ = {isa = PBXFileReference; fileEncoding = 4; lastKnownFileType = file.xib; path = SettingView.xib; sourceTree = "<group>"; };
		2FA0E22C138E7D90006D7714 /* SettingCell.h */ = {isa = PBXFileReference; fileEncoding = 4; lastKnownFileType = sourcecode.c.h; path = SettingCell.h; sourceTree = "<group>"; };
		2FA0E22D138E7D90006D7714 /* SettingCell.m */ = {isa = PBXFileReference; fileEncoding = 4; lastKnownFileType = sourcecode.c.objc; path = SettingCell.m; sourceTree = "<group>"; };
		2FDC14491398BA51007B1723 /* AddNewRecordView.xib */ = {isa = PBXFileReference; fileEncoding = 4; lastKnownFileType = file.xib; path = AddNewRecordView.xib; sourceTree = "<group>"; };
		2FE34FD8139288420035D58E /* calendar_blank.png */ = {isa = PBXFileReference; lastKnownFileType = image.png; path = calendar_blank.png; sourceTree = "<group>"; };
		AC1960B9139E5EA5009536FC /* MapKit.framework */ = {isa = PBXFileReference; lastKnownFileType = wrapper.framework; name = MapKit.framework; path = System/Library/Frameworks/MapKit.framework; sourceTree = SDKROOT; };
		AC44C69E1392A2200078E586 /* Add-32.png */ = {isa = PBXFileReference; lastKnownFileType = image.png; path = "Add-32.png"; sourceTree = "<group>"; };
		ACEC1C4213933F74009DD4EA /* PlannerMainView.h */ = {isa = PBXFileReference; fileEncoding = 4; lastKnownFileType = sourcecode.c.h; path = PlannerMainView.h; sourceTree = "<group>"; };
		ACEC1C4313933F74009DD4EA /* PlannerMainView.m */ = {isa = PBXFileReference; fileEncoding = 4; lastKnownFileType = sourcecode.c.objc; path = PlannerMainView.m; sourceTree = "<group>"; };
		ACEC1C4413933F74009DD4EA /* PlannerMainView.xib */ = {isa = PBXFileReference; fileEncoding = 4; lastKnownFileType = file.xib; path = PlannerMainView.xib; sourceTree = "<group>"; };
		BC9416ED139DF63F0022DEE2 /* Start-up Screen.xib */ = {isa = PBXFileReference; fileEncoding = 4; lastKnownFileType = file.xib; name = "Start-up Screen.xib"; path = "Nodazi/Start-up Screen.xib"; sourceTree = "<group>"; };
		BC9416F5139DFDFE0022DEE2 /* Reset All Data.xib */ = {isa = PBXFileReference; fileEncoding = 4; lastKnownFileType = file.xib; name = "Reset All Data.xib"; path = "Nodazi/Reset All Data.xib"; sourceTree = "<group>"; };
		BC9416F6139DFDFE0022DEE2 /* Monthly Start Date.xib */ = {isa = PBXFileReference; fileEncoding = 4; lastKnownFileType = file.xib; name = "Monthly Start Date.xib"; path = "Nodazi/Monthly Start Date.xib"; sourceTree = "<group>"; };
		BC9416F7139DFDFE0022DEE2 /* Enable Password.xib */ = {isa = PBXFileReference; fileEncoding = 4; lastKnownFileType = file.xib; name = "Enable Password.xib"; path = "Nodazi/Enable Password.xib"; sourceTree = "<group>"; };
		BCE024501399ECAC00ED7003 /* Show Tooltip.xib */ = {isa = PBXFileReference; fileEncoding = 4; lastKnownFileType = file.xib; name = "Show Tooltip.xib"; path = "Nodazi/Show Tooltip.xib"; sourceTree = "<group>"; };
/* End PBXFileReference section */

/* Begin PBXFrameworksBuildPhase section */
		2F24A6EB138E54BF00B34B3D /* Frameworks */ = {
			isa = PBXFrameworksBuildPhase;
			buildActionMask = 2147483647;
			files = (
				AC1960BA139E5EA5009536FC /* MapKit.framework in Frameworks */,
				2F24A6F3138E54BF00B34B3D /* UIKit.framework in Frameworks */,
				2F24A6F5138E54BF00B34B3D /* Foundation.framework in Frameworks */,
				2F24A6F7138E54BF00B34B3D /* CoreGraphics.framework in Frameworks */,
			);
			runOnlyForDeploymentPostprocessing = 0;
		};
/* End PBXFrameworksBuildPhase section */

/* Begin PBXGroup section */
		2F24A6E3138E54BF00B34B3D = {
			isa = PBXGroup;
			children = (
				AC1960B9139E5EA5009536FC /* MapKit.framework */,
				2F24A6F8138E54BF00B34B3D /* Nodazi */,
				2F24A6F1138E54BF00B34B3D /* Frameworks */,
				2F24A6EF138E54BF00B34B3D /* Products */,
			);
			sourceTree = "<group>";
		};
		2F24A6EF138E54BF00B34B3D /* Products */ = {
			isa = PBXGroup;
			children = (
				2F24A6EE138E54BF00B34B3D /* Nodazi.app */,
			);
			name = Products;
			sourceTree = "<group>";
		};
		2F24A6F1138E54BF00B34B3D /* Frameworks */ = {
			isa = PBXGroup;
			children = (
				2F24A6F2138E54BF00B34B3D /* UIKit.framework */,
				2F24A6F4138E54BF00B34B3D /* Foundation.framework */,
				2F24A6F6138E54BF00B34B3D /* CoreGraphics.framework */,
			);
			name = Frameworks;
			sourceTree = "<group>";
		};
		2F24A6F8138E54BF00B34B3D /* Nodazi */ = {
			isa = PBXGroup;
			children = (
				BC9416EB139DF5ED0022DEE2 /* Settings */,
				2FE34FD8139288420035D58E /* calendar_blank.png */,
				2F24A721138E5DC300B34B3D /* Icons */,
				2F24A701138E54BF00B34B3D /* NodaziAppDelegate.h */,
				2F24A702138E54BF00B34B3D /* NodaziAppDelegate.m */,
				2F24A704138E54C000B34B3D /* MainWindow.xib */,
				ACEC1C4213933F74009DD4EA /* PlannerMainView.h */,
				ACEC1C4313933F74009DD4EA /* PlannerMainView.m */,
				ACEC1C4413933F74009DD4EA /* PlannerMainView.xib */,
				2F24A707138E54C000B34B3D /* FirstViewController.h */,
				2F24A708138E54C000B34B3D /* FirstViewController.m */,
				2F24A70A138E54C000B34B3D /* SecondViewController.h */,
				2F24A70B138E54C000B34B3D /* SecondViewController.m */,
				2FA0E225138E6E24006D7714 /* SettingViewController.h */,
				2FA0E226138E6E24006D7714 /* SettingViewController.m */,
				2FA0E22C138E7D90006D7714 /* SettingCell.h */,
				2FA0E22D138E7D90006D7714 /* SettingCell.m */,
				2FA0E227138E6E24006D7714 /* SettingView.xib */,
				2F24A728138E60C300B34B3D /* ExpenseViewController.h */,
				2F24A729138E60C300B34B3D /* ExpenseViewController.m */,
				2F24A72A138E60C300B34B3D /* ExpenseView.xib */,
				2F24A70D138E54C000B34B3D /* FirstView.xib */,
				2F24A710138E54C000B34B3D /* SecondView.xib */,
				2F24A6F9138E54BF00B34B3D /* Supporting Files */,
				2FDC14491398BA51007B1723 /* AddNewRecordView.xib */,
				2F120435139CD3CB00C9096B /* AddNewRecordVIewController.h */,
				2F120436139CD3CB00C9096B /* AddNewRecordVIewController.m */,
			);
			path = Nodazi;
			sourceTree = "<group>";
		};
		2F24A6F9138E54BF00B34B3D /* Supporting Files */ = {
			isa = PBXGroup;
			children = (
				2F24A6FA138E54BF00B34B3D /* Nodazi-Info.plist */,
				2F24A6FB138E54BF00B34B3D /* InfoPlist.strings */,
				2F24A6FE138E54BF00B34B3D /* Nodazi-Prefix.pch */,
				2F24A6FF138E54BF00B34B3D /* main.m */,
			);
			name = "Supporting Files";
			sourceTree = "<group>";
		};
		2F24A721138E5DC300B34B3D /* Icons */ = {
			isa = PBXGroup;
			children = (
				AC44C69E1392A2200078E586 /* Add-32.png */,
				2F24A722138E5F4900B34B3D /* Book-48.png */,
				2F24A71A138E5D9800B34B3D /* Calender-48.png */,
				2F24A71B138E5D9800B34B3D /* Shopping-Cart-48.png */,
				2F24A71C138E5D9800B34B3D /* Wrench-48.png */,
				2F24A718138E5B7900B34B3D /* Black-Camera-Symbol-48.png */,
			);
			name = Icons;
			sourceTree = "<group>";
		};
		BC9416EB139DF5ED0022DEE2 /* Settings */ = {
			isa = PBXGroup;
			children = (
				BC9416F5139DFDFE0022DEE2 /* Reset All Data.xib */,
				BC9416F6139DFDFE0022DEE2 /* Monthly Start Date.xib */,
				BC9416F7139DFDFE0022DEE2 /* Enable Password.xib */,
				BCE024501399ECAC00ED7003 /* Show Tooltip.xib */,
				BC9416ED139DF63F0022DEE2 /* Start-up Screen.xib */,
			);
			name = Settings;
			path = ..;
			sourceTree = "<group>";
		};
/* End PBXGroup section */

/* Begin PBXNativeTarget section */
		2F24A6ED138E54BF00B34B3D /* Nodazi */ = {
			isa = PBXNativeTarget;
			buildConfigurationList = 2F24A715138E54C000B34B3D /* Build configuration list for PBXNativeTarget "Nodazi" */;
			buildPhases = (
				2F24A6EA138E54BF00B34B3D /* Sources */,
				2F24A6EB138E54BF00B34B3D /* Frameworks */,
				2F24A6EC138E54BF00B34B3D /* Resources */,
			);
			buildRules = (
			);
			dependencies = (
			);
			name = Nodazi;
			productName = Nodazi;
			productReference = 2F24A6EE138E54BF00B34B3D /* Nodazi.app */;
			productType = "com.apple.product-type.application";
		};
/* End PBXNativeTarget section */

/* Begin PBXProject section */
		2F24A6E5138E54BF00B34B3D /* Project object */ = {
			isa = PBXProject;
			attributes = {
				ORGANIZATIONNAME = "서울대학교";
			};
			buildConfigurationList = 2F24A6E8138E54BF00B34B3D /* Build configuration list for PBXProject "Nodazi" */;
			compatibilityVersion = "Xcode 3.2";
			developmentRegion = English;
			hasScannedForEncodings = 0;
			knownRegions = (
				en,
			);
			mainGroup = 2F24A6E3138E54BF00B34B3D;
			productRefGroup = 2F24A6EF138E54BF00B34B3D /* Products */;
			projectDirPath = "";
			projectRoot = "";
			targets = (
				2F24A6ED138E54BF00B34B3D /* Nodazi */,
			);
		};
/* End PBXProject section */

/* Begin PBXResourcesBuildPhase section */
		2F24A6EC138E54BF00B34B3D /* Resources */ = {
			isa = PBXResourcesBuildPhase;
			buildActionMask = 2147483647;
			files = (
				2F24A6FD138E54BF00B34B3D /* InfoPlist.strings in Resources */,
				2F24A706138E54C000B34B3D /* MainWindow.xib in Resources */,
				2F24A70F138E54C000B34B3D /* FirstView.xib in Resources */,
				2F24A712138E54C000B34B3D /* SecondView.xib in Resources */,
				2F24A719138E5B7900B34B3D /* Black-Camera-Symbol-48.png in Resources */,
				2F24A71D138E5D9800B34B3D /* Calender-48.png in Resources */,
				2F24A71E138E5D9800B34B3D /* Shopping-Cart-48.png in Resources */,
				2F24A71F138E5D9800B34B3D /* Wrench-48.png in Resources */,
				2F24A723138E5F4900B34B3D /* Book-48.png in Resources */,
				2F24A72C138E60C300B34B3D /* ExpenseView.xib in Resources */,
				2FA0E229138E6E24006D7714 /* SettingView.xib in Resources */,
				2FE34FD9139288420035D58E /* calendar_blank.png in Resources */,
				AC44C69F1392A2200078E586 /* Add-32.png in Resources */,
				ACEC1C4613933F74009DD4EA /* PlannerMainView.xib in Resources */,
				2FDC144A1398BA51007B1723 /* AddNewRecordView.xib in Resources */,
				BCE024511399ECAC00ED7003 /* Show Tooltip.xib in Resources */,
				BC9416EE139DF63F0022DEE2 /* Start-up Screen.xib in Resources */,
				BC9416F8139DFDFE0022DEE2 /* Reset All Data.xib in Resources */,
				BC9416F9139DFDFE0022DEE2 /* Monthly Start Date.xib in Resources */,
				BC9416FA139DFDFE0022DEE2 /* Enable Password.xib in Resources */,
			);
			runOnlyForDeploymentPostprocessing = 0;
		};
/* End PBXResourcesBuildPhase section */

/* Begin PBXSourcesBuildPhase section */
		2F24A6EA138E54BF00B34B3D /* Sources */ = {
			isa = PBXSourcesBuildPhase;
			buildActionMask = 2147483647;
			files = (
				2F24A700138E54BF00B34B3D /* main.m in Sources */,
				2F24A703138E54BF00B34B3D /* NodaziAppDelegate.m in Sources */,
				2F24A709138E54C000B34B3D /* FirstViewController.m in Sources */,
				2F24A70C138E54C000B34B3D /* SecondViewController.m in Sources */,
				2F24A72B138E60C300B34B3D /* ExpenseViewController.m in Sources */,
				2FA0E228138E6E24006D7714 /* SettingViewController.m in Sources */,
				2FA0E22E138E7D90006D7714 /* SettingCell.m in Sources */,
				ACEC1C4513933F74009DD4EA /* PlannerMainView.m in Sources */,
				2F120437139CD3CB00C9096B /* AddNewRecordVIewController.m in Sources */,
			);
			runOnlyForDeploymentPostprocessing = 0;
		};
/* End PBXSourcesBuildPhase section */

/* Begin PBXVariantGroup section */
		2F24A6FB138E54BF00B34B3D /* InfoPlist.strings */ = {
			isa = PBXVariantGroup;
			children = (
				2F24A6FC138E54BF00B34B3D /* en */,
			);
			name = InfoPlist.strings;
			sourceTree = "<group>";
		};
		2F24A704138E54C000B34B3D /* MainWindow.xib */ = {
			isa = PBXVariantGroup;
			children = (
				2F24A705138E54C000B34B3D /* en */,
			);
			name = MainWindow.xib;
			sourceTree = "<group>";
		};
		2F24A70D138E54C000B34B3D /* FirstView.xib */ = {
			isa = PBXVariantGroup;
			children = (
				2F24A70E138E54C000B34B3D /* en */,
			);
			name = FirstView.xib;
			sourceTree = "<group>";
		};
		2F24A710138E54C000B34B3D /* SecondView.xib */ = {
			isa = PBXVariantGroup;
			children = (
				2F24A711138E54C000B34B3D /* en */,
			);
			name = SecondView.xib;
			sourceTree = "<group>";
		};
/* End PBXVariantGroup section */

/* Begin XCBuildConfiguration section */
		2F24A713138E54C000B34B3D /* Debug */ = {
			isa = XCBuildConfiguration;
			buildSettings = {
				ARCHS = "$(ARCHS_STANDARD_32_BIT)";
				"CODE_SIGN_IDENTITY[sdk=iphoneos*]" = "iPhone Developer";
				GCC_C_LANGUAGE_STANDARD = gnu99;
				GCC_OPTIMIZATION_LEVEL = 0;
				GCC_PREPROCESSOR_DEFINITIONS = DEBUG;
				GCC_SYMBOLS_PRIVATE_EXTERN = NO;
				GCC_VERSION = com.apple.compilers.llvmgcc42;
				GCC_WARN_ABOUT_RETURN_TYPE = YES;
				GCC_WARN_UNUSED_VARIABLE = YES;
				IPHONEOS_DEPLOYMENT_TARGET = 4.3;
				SDKROOT = iphoneos;
			};
			name = Debug;
		};
		2F24A714138E54C000B34B3D /* Release */ = {
			isa = XCBuildConfiguration;
			buildSettings = {
				ARCHS = "$(ARCHS_STANDARD_32_BIT)";
				"CODE_SIGN_IDENTITY[sdk=iphoneos*]" = "iPhone Developer";
				GCC_C_LANGUAGE_STANDARD = gnu99;
				GCC_VERSION = com.apple.compilers.llvmgcc42;
				GCC_WARN_ABOUT_RETURN_TYPE = YES;
				GCC_WARN_UNUSED_VARIABLE = YES;
				IPHONEOS_DEPLOYMENT_TARGET = 4.3;
				OTHER_CFLAGS = "-DNS_BLOCK_ASSERTIONS=1";
				SDKROOT = iphoneos;
			};
			name = Release;
		};
		2F24A716138E54C000B34B3D /* Debug */ = {
			isa = XCBuildConfiguration;
			buildSettings = {
				ALWAYS_SEARCH_USER_PATHS = NO;
				COPY_PHASE_STRIP = NO;
				GCC_DYNAMIC_NO_PIC = NO;
				GCC_PRECOMPILE_PREFIX_HEADER = YES;
				GCC_PREFIX_HEADER = "Nodazi/Nodazi-Prefix.pch";
				INFOPLIST_FILE = "Nodazi/Nodazi-Info.plist";
				IPHONEOS_DEPLOYMENT_TARGET = 4.3;
				PRODUCT_NAME = "$(TARGET_NAME)";
				WRAPPER_EXTENSION = app;
			};
			name = Debug;
		};
		2F24A717138E54C000B34B3D /* Release */ = {
			isa = XCBuildConfiguration;
			buildSettings = {
				ALWAYS_SEARCH_USER_PATHS = NO;
				COPY_PHASE_STRIP = YES;
				GCC_PRECOMPILE_PREFIX_HEADER = YES;
				GCC_PREFIX_HEADER = "Nodazi/Nodazi-Prefix.pch";
				INFOPLIST_FILE = "Nodazi/Nodazi-Info.plist";
				IPHONEOS_DEPLOYMENT_TARGET = 4.3;
				PRODUCT_NAME = "$(TARGET_NAME)";
				VALIDATE_PRODUCT = YES;
				WRAPPER_EXTENSION = app;
			};
			name = Release;
		};
/* End XCBuildConfiguration section */

/* Begin XCConfigurationList section */
		2F24A6E8138E54BF00B34B3D /* Build configuration list for PBXProject "Nodazi" */ = {
			isa = XCConfigurationList;
			buildConfigurations = (
				2F24A713138E54C000B34B3D /* Debug */,
				2F24A714138E54C000B34B3D /* Release */,
			);
			defaultConfigurationIsVisible = 0;
			defaultConfigurationName = Release;
		};
		2F24A715138E54C000B34B3D /* Build configuration list for PBXNativeTarget "Nodazi" */ = {
			isa = XCConfigurationList;
			buildConfigurations = (
				2F24A716138E54C000B34B3D /* Debug */,
				2F24A717138E54C000B34B3D /* Release */,
			);
			defaultConfigurationIsVisible = 0;
			defaultConfigurationName = Release;
		};
/* End XCConfigurationList section */
	};
	rootObject = 2F24A6E5138E54BF00B34B3D /* Project object */;
}
