// !$*UTF8*$!
{
	archiveVersion = 1;
	classes = {
	};
	objectVersion = 46;
	objects = {

/* Begin PBXBuildFile section */
		2F120437139CD3CB00C9096B /* AddNewRecordVIewController.m in Sources */ = {isa = PBXBuildFile; fileRef = 2F120436139CD3CB00C9096B /* AddNewRecordVIewController.m */; };
		2F24A6F3138E54BF00B34B3D /* UIKit.framework in Frameworks */ = {isa = PBXBuildFile; fileRef = 2F24A6F2138E54BF00B34B3D /* UIKit.framework */; };
		2F24A6F5138E54BF00B34B3D /* Foundation.framework in Frameworks */ = {isa = PBXBuildFile; fileRef = 2F24A6F4138E54BF00B34B3D /* Foundation.framework */; };
		2F24A6F7138E54BF00B34B3D /* CoreGraphics.framework in Frameworks */ = {isa = PBXBuildFile; fileRef = 2F24A6F6138E54BF00B34B3D /* CoreGraphics.framework */; };
		2F24A6FD138E54BF00B34B3D /* InfoPlist.strings in Resources */ = {isa = PBXBuildFile; fileRef = 2F24A6FB138E54BF00B34B3D /* InfoPlist.strings */; };
		2F24A700138E54BF00B34B3D /* main.m in Sources */ = {isa = PBXBuildFile; fileRef = 2F24A6FF138E54BF00B34B3D /* main.m */; };
		2F24A703138E54BF00B34B3D /* NodaziAppDelegate.m in Sources */ = {isa = PBXBuildFile; fileRef = 2F24A702138E54BF00B34B3D /* NodaziAppDelegate.m */; };
		2F24A706138E54C000B34B3D /* MainWindow.xib in Resources */ = {isa = PBXBuildFile; fileRef = 2F24A704138E54C000B34B3D /* MainWindow.xib */; };
		2F24A709138E54C000B34B3D /* FirstViewController.mm in Sources */ = {isa = PBXBuildFile; fileRef = 2F24A708138E54C000B34B3D /* FirstViewController.mm */; };
		2F24A70C138E54C000B34B3D /* SecondViewController.m in Sources */ = {isa = PBXBuildFile; fileRef = 2F24A70B138E54C000B34B3D /* SecondViewController.m */; };
		2F24A70F138E54C000B34B3D /* FirstView.xib in Resources */ = {isa = PBXBuildFile; fileRef = 2F24A70D138E54C000B34B3D /* FirstView.xib */; };
		2F24A712138E54C000B34B3D /* SecondView.xib in Resources */ = {isa = PBXBuildFile; fileRef = 2F24A710138E54C000B34B3D /* SecondView.xib */; };
		2F24A719138E5B7900B34B3D /* Black-Camera-Symbol-48.png in Resources */ = {isa = PBXBuildFile; fileRef = 2F24A718138E5B7900B34B3D /* Black-Camera-Symbol-48.png */; };
		2F24A71D138E5D9800B34B3D /* Calender-48.png in Resources */ = {isa = PBXBuildFile; fileRef = 2F24A71A138E5D9800B34B3D /* Calender-48.png */; };
		2F24A71E138E5D9800B34B3D /* Shopping-Cart-48.png in Resources */ = {isa = PBXBuildFile; fileRef = 2F24A71B138E5D9800B34B3D /* Shopping-Cart-48.png */; };
		2F24A71F138E5D9800B34B3D /* Wrench-48.png in Resources */ = {isa = PBXBuildFile; fileRef = 2F24A71C138E5D9800B34B3D /* Wrench-48.png */; };
		2F24A723138E5F4900B34B3D /* Book-48.png in Resources */ = {isa = PBXBuildFile; fileRef = 2F24A722138E5F4900B34B3D /* Book-48.png */; };
		2F24A72B138E60C300B34B3D /* ExpenseViewController.m in Sources */ = {isa = PBXBuildFile; fileRef = 2F24A729138E60C300B34B3D /* ExpenseViewController.m */; };
		2F24A72C138E60C300B34B3D /* ExpenseView.xib in Resources */ = {isa = PBXBuildFile; fileRef = 2F24A72A138E60C300B34B3D /* ExpenseView.xib */; };
		2F5B1C9413A644470001D898 /* libsqlite3.dylib in Frameworks */ = {isa = PBXBuildFile; fileRef = 2F5B1C9313A644470001D898 /* libsqlite3.dylib */; };
		2F85DE54139F9AD10038A86B /* QuartzCore.framework in Frameworks */ = {isa = PBXBuildFile; fileRef = 2F85DE53139F9AD10038A86B /* QuartzCore.framework */; };
		2F85DE59139FA23C0038A86B /* blank_postit.png in Resources */ = {isa = PBXBuildFile; fileRef = 2F85DE58139FA23C0038A86B /* blank_postit.png */; };
		2FA0E228138E6E24006D7714 /* SettingViewController.m in Sources */ = {isa = PBXBuildFile; fileRef = 2FA0E226138E6E24006D7714 /* SettingViewController.m */; };
		2FA0E229138E6E24006D7714 /* SettingView.xib in Resources */ = {isa = PBXBuildFile; fileRef = 2FA0E227138E6E24006D7714 /* SettingView.xib */; };
		2FA0E22E138E7D90006D7714 /* SettingCell.m in Sources */ = {isa = PBXBuildFile; fileRef = 2FA0E22D138E7D90006D7714 /* SettingCell.m */; };
		2FDC144A1398BA51007B1723 /* AddNewRecordView.xib in Resources */ = {isa = PBXBuildFile; fileRef = 2FDC14491398BA51007B1723 /* AddNewRecordView.xib */; };
		2FE34FD9139288420035D58E /* calendar_blank.png in Resources */ = {isa = PBXBuildFile; fileRef = 2FE34FD8139288420035D58E /* calendar_blank.png */; };
		2FEA03D2139F850A00B76391 /* ExpenditureCalendarView.xib in Resources */ = {isa = PBXBuildFile; fileRef = 2FEA03D1139F850A00B76391 /* ExpenditureCalendarView.xib */; };
		2FEA03D9139F8A4700B76391 /* ExpenditureCalendarViewController.m in Sources */ = {isa = PBXBuildFile; fileRef = 2FEA03D8139F8A4700B76391 /* ExpenditureCalendarViewController.m */; };
		41241A4E139FBDD400CF38F3 /* UIImage+Alpha.m in Sources */ = {isa = PBXBuildFile; fileRef = 41241A49139FBDD400CF38F3 /* UIImage+Alpha.m */; };
		41241A4F139FBDD400CF38F3 /* UIImage+Resize.m in Sources */ = {isa = PBXBuildFile; fileRef = 41241A4B139FBDD400CF38F3 /* UIImage+Resize.m */; };
		41241A50139FBDD400CF38F3 /* UIImage+RoundedCorner.m in Sources */ = {isa = PBXBuildFile; fileRef = 41241A4D139FBDD400CF38F3 /* UIImage+RoundedCorner.m */; };
		41241A57139FBDE800CF38F3 /* OverlayView.m in Sources */ = {isa = PBXBuildFile; fileRef = 41241A52139FBDE800CF38F3 /* OverlayView.m */; };
		41241A58139FBDE800CF38F3 /* ScanButton.m in Sources */ = {isa = PBXBuildFile; fileRef = 41241A54139FBDE800CF38F3 /* ScanButton.m */; };
		41241A59139FBDE800CF38F3 /* ZoomableImage.m in Sources */ = {isa = PBXBuildFile; fileRef = 41241A56139FBDE800CF38F3 /* ZoomableImage.m */; };
		41241A5B139FBE0C00CF38F3 /* AudioToolbox.framework in Frameworks */ = {isa = PBXBuildFile; fileRef = 41241A5A139FBE0C00CF38F3 /* AudioToolbox.framework */; };
		41241A5D139FBE0E00CF38F3 /* AVFoundation.framework in Frameworks */ = {isa = PBXBuildFile; fileRef = 41241A5C139FBE0E00CF38F3 /* AVFoundation.framework */; };
		41241A5F139FBE1300CF38F3 /* CoreMedia.framework in Frameworks */ = {isa = PBXBuildFile; fileRef = 41241A5E139FBE1300CF38F3 /* CoreMedia.framework */; };
		41241A61139FBE1900CF38F3 /* CoreVideo.framework in Frameworks */ = {isa = PBXBuildFile; fileRef = 41241A60139FBE1900CF38F3 /* CoreVideo.framework */; };
		41241A6F139FBE3200CF38F3 /* libtesseract_api.a in Frameworks */ = {isa = PBXBuildFile; fileRef = 41241A63139FBE3200CF38F3 /* libtesseract_api.a */; };
		41241A70139FBE3200CF38F3 /* libtesseract_ccstruct.a in Frameworks */ = {isa = PBXBuildFile; fileRef = 41241A64139FBE3200CF38F3 /* libtesseract_ccstruct.a */; };
		41241A71139FBE3200CF38F3 /* libtesseract_ccutil.a in Frameworks */ = {isa = PBXBuildFile; fileRef = 41241A65139FBE3200CF38F3 /* libtesseract_ccutil.a */; };
		41241A72139FBE3200CF38F3 /* libtesseract_classify.a in Frameworks */ = {isa = PBXBuildFile; fileRef = 41241A66139FBE3200CF38F3 /* libtesseract_classify.a */; };
		41241A73139FBE3200CF38F3 /* libtesseract_cutil.a in Frameworks */ = {isa = PBXBuildFile; fileRef = 41241A67139FBE3200CF38F3 /* libtesseract_cutil.a */; };
		41241A74139FBE3200CF38F3 /* libtesseract_dict.a in Frameworks */ = {isa = PBXBuildFile; fileRef = 41241A68139FBE3200CF38F3 /* libtesseract_dict.a */; };
		41241A75139FBE3200CF38F3 /* libtesseract_image.a in Frameworks */ = {isa = PBXBuildFile; fileRef = 41241A69139FBE3200CF38F3 /* libtesseract_image.a */; };
		41241A76139FBE3200CF38F3 /* libtesseract_main.a in Frameworks */ = {isa = PBXBuildFile; fileRef = 41241A6A139FBE3200CF38F3 /* libtesseract_main.a */; };
		41241A77139FBE3200CF38F3 /* libtesseract_textord.a in Frameworks */ = {isa = PBXBuildFile; fileRef = 41241A6B139FBE3200CF38F3 /* libtesseract_textord.a */; };
		41241A78139FBE3200CF38F3 /* libtesseract_training.a in Frameworks */ = {isa = PBXBuildFile; fileRef = 41241A6C139FBE3200CF38F3 /* libtesseract_training.a */; };
		41241A79139FBE3200CF38F3 /* libtesseract_viewer.a in Frameworks */ = {isa = PBXBuildFile; fileRef = 41241A6D139FBE3200CF38F3 /* libtesseract_viewer.a */; };
		41241A7A139FBE3200CF38F3 /* libtesseract_wordrec.a in Frameworks */ = {isa = PBXBuildFile; fileRef = 41241A6E139FBE3200CF38F3 /* libtesseract_wordrec.a */; };
		41E1F62313A0E52600DBB98E /* libopencv_core.a in Frameworks */ = {isa = PBXBuildFile; fileRef = 41E1F62013A0E52600DBB98E /* libopencv_core.a */; };
		41E1F62413A0E52600DBB98E /* libopencv_imgproc.a in Frameworks */ = {isa = PBXBuildFile; fileRef = 41E1F62113A0E52600DBB98E /* libopencv_imgproc.a */; };
		41E1F62513A0E52600DBB98E /* libopencv_objdetect.a in Frameworks */ = {isa = PBXBuildFile; fileRef = 41E1F62213A0E52600DBB98E /* libopencv_objdetect.a */; };
		41E1F62713A0E64D00DBB98E /* Accelerate.framework in Frameworks */ = {isa = PBXBuildFile; fileRef = 41E1F62613A0E64D00DBB98E /* Accelerate.framework */; };
		41E1F65213A0E95A00DBB98E /* tessdata-svn in Resources */ = {isa = PBXBuildFile; fileRef = 41E1F65113A0E95A00DBB98E /* tessdata-svn */; };
		AC1960BA139E5EA5009536FC /* MapKit.framework in Frameworks */ = {isa = PBXBuildFile; fileRef = AC1960B9139E5EA5009536FC /* MapKit.framework */; };
		AC3E81A213A77073006D01AB /* CoreLocation.framework in Frameworks */ = {isa = PBXBuildFile; fileRef = AC3E81A113A77073006D01AB /* CoreLocation.framework */; };
		AC3E81A913A78EED006D01AB /* Gold-Goins-64.png in Resources */ = {isa = PBXBuildFile; fileRef = AC3E81A813A78EED006D01AB /* Gold-Goins-64.png */; };
		AC3E81AC13A78F7F006D01AB /* goldicon.png in Resources */ = {isa = PBXBuildFile; fileRef = AC3E81AB13A78F7F006D01AB /* goldicon.png */; };
		AC44C69F1392A2200078E586 /* Add-32.png in Resources */ = {isa = PBXBuildFile; fileRef = AC44C69E1392A2200078E586 /* Add-32.png */; };
		AC6A4B1013A74B4E00EB6421 /* PlaceMarker.m in Sources */ = {isa = PBXBuildFile; fileRef = AC6A4B0F13A74B4E00EB6421 /* PlaceMarker.m */; };
		AC889DEE139FB2D80072DFC5 /* star-0.png in Resources */ = {isa = PBXBuildFile; fileRef = AC889DED139FB2D80072DFC5 /* star-0.png */; };
		AC889DF1139FB2E20072DFC5 /* star-4.png in Resources */ = {isa = PBXBuildFile; fileRef = AC889DF0139FB2E20072DFC5 /* star-4.png */; };
		ACB5CB8313A5C8C600A93A83 /* StoreLocationView.m in Sources */ = {isa = PBXBuildFile; fileRef = ACB5CB8213A5C8C600A93A83 /* StoreLocationView.m */; };
		ACB5CB8713A7327900A93A83 /* SettingStartUp.m in Sources */ = {isa = PBXBuildFile; fileRef = ACB5CB8613A7327900A93A83 /* SettingStartUp.m */; };
		ACB5CB8913A7329800A93A83 /* SettingStartup.xib in Resources */ = {isa = PBXBuildFile; fileRef = ACB5CB8813A7329800A93A83 /* SettingStartup.xib */; };
		ACEC1C4513933F74009DD4EA /* FoundStore.m in Sources */ = {isa = PBXBuildFile; fileRef = ACEC1C4313933F74009DD4EA /* FoundStore.m */; };
		ACEC1C4613933F74009DD4EA /* FoundStore.xib in Resources */ = {isa = PBXBuildFile; fileRef = ACEC1C4413933F74009DD4EA /* FoundStore.xib */; };
		BC9416EE139DF63F0022DEE2 /* Start-up Screen.xib in Resources */ = {isa = PBXBuildFile; fileRef = BC9416ED139DF63F0022DEE2 /* Start-up Screen.xib */; };
		BC9416F8139DFDFE0022DEE2 /* Reset All Data.xib in Resources */ = {isa = PBXBuildFile; fileRef = BC9416F5139DFDFE0022DEE2 /* Reset All Data.xib */; };
		BC9416F9139DFDFE0022DEE2 /* Monthly Start Date.xib in Resources */ = {isa = PBXBuildFile; fileRef = BC9416F6139DFDFE0022DEE2 /* Monthly Start Date.xib */; };
		BC9416FA139DFDFE0022DEE2 /* Enable Password.xib in Resources */ = {isa = PBXBuildFile; fileRef = BC9416F7139DFDFE0022DEE2 /* Enable Password.xib */; };
		BCE024511399ECAC00ED7003 /* Show Tooltip.xib in Resources */ = {isa = PBXBuildFile; fileRef = BCE024501399ECAC00ED7003 /* Show Tooltip.xib */; };
/* End PBXBuildFile section */

/* Begin PBXFileReference section */
		2F120435139CD3CB00C9096B /* AddNewRecordVIewController.h */ = {isa = PBXFileReference; fileEncoding = 4; lastKnownFileType = sourcecode.c.h; path = AddNewRecordVIewController.h; sourceTree = "<group>"; };
		2F120436139CD3CB00C9096B /* AddNewRecordVIewController.m */ = {isa = PBXFileReference; fileEncoding = 4; lastKnownFileType = sourcecode.c.objc; path = AddNewRecordVIewController.m; sourceTree = "<group>"; };
		2F24A6EE138E54BF00B34B3D /* Nodazi.app */ = {isa = PBXFileReference; explicitFileType = wrapper.application; includeInIndex = 0; path = Nodazi.app; sourceTree = BUILT_PRODUCTS_DIR; };
		2F24A6F2138E54BF00B34B3D /* UIKit.framework */ = {isa = PBXFileReference; lastKnownFileType = wrapper.framework; name = UIKit.framework; path = System/Library/Frameworks/UIKit.framework; sourceTree = SDKROOT; };
		2F24A6F4138E54BF00B34B3D /* Foundation.framework */ = {isa = PBXFileReference; lastKnownFileType = wrapper.framework; name = Foundation.framework; path = System/Library/Frameworks/Foundation.framework; sourceTree = SDKROOT; };
		2F24A6F6138E54BF00B34B3D /* CoreGraphics.framework */ = {isa = PBXFileReference; lastKnownFileType = wrapper.framework; name = CoreGraphics.framework; path = System/Library/Frameworks/CoreGraphics.framework; sourceTree = SDKROOT; };
		2F24A6FA138E54BF00B34B3D /* Nodazi-Info.plist */ = {isa = PBXFileReference; lastKnownFileType = text.plist.xml; path = "Nodazi-Info.plist"; sourceTree = "<group>"; };
		2F24A6FC138E54BF00B34B3D /* en */ = {isa = PBXFileReference; lastKnownFileType = text.plist.strings; name = en; path = en.lproj/InfoPlist.strings; sourceTree = "<group>"; };
		2F24A6FE138E54BF00B34B3D /* Nodazi-Prefix.pch */ = {isa = PBXFileReference; lastKnownFileType = sourcecode.c.h; path = "Nodazi-Prefix.pch"; sourceTree = "<group>"; };
		2F24A6FF138E54BF00B34B3D /* main.m */ = {isa = PBXFileReference; lastKnownFileType = sourcecode.c.objc; path = main.m; sourceTree = "<group>"; };
		2F24A701138E54BF00B34B3D /* NodaziAppDelegate.h */ = {isa = PBXFileReference; lastKnownFileType = sourcecode.c.h; path = NodaziAppDelegate.h; sourceTree = "<group>"; };
		2F24A702138E54BF00B34B3D /* NodaziAppDelegate.m */ = {isa = PBXFileReference; lastKnownFileType = sourcecode.c.objc; path = NodaziAppDelegate.m; sourceTree = "<group>"; };
		2F24A705138E54C000B34B3D /* en */ = {isa = PBXFileReference; lastKnownFileType = file.xib; name = en; path = en.lproj/MainWindow.xib; sourceTree = "<group>"; };
		2F24A707138E54C000B34B3D /* FirstViewController.h */ = {isa = PBXFileReference; lastKnownFileType = sourcecode.c.h; path = FirstViewController.h; sourceTree = "<group>"; };
		2F24A708138E54C000B34B3D /* FirstViewController.mm */ = {isa = PBXFileReference; lastKnownFileType = sourcecode.cpp.objcpp; path = FirstViewController.mm; sourceTree = "<group>"; };
		2F24A70A138E54C000B34B3D /* SecondViewController.h */ = {isa = PBXFileReference; lastKnownFileType = sourcecode.c.h; path = SecondViewController.h; sourceTree = "<group>"; };
		2F24A70B138E54C000B34B3D /* SecondViewController.m */ = {isa = PBXFileReference; lastKnownFileType = sourcecode.c.objc; path = SecondViewController.m; sourceTree = "<group>"; };
		2F24A70E138E54C000B34B3D /* en */ = {isa = PBXFileReference; lastKnownFileType = file.xib; name = en; path = en.lproj/FirstView.xib; sourceTree = "<group>"; };
		2F24A711138E54C000B34B3D /* en */ = {isa = PBXFileReference; lastKnownFileType = file.xib; name = en; path = en.lproj/SecondView.xib; sourceTree = "<group>"; };
		2F24A718138E5B7900B34B3D /* Black-Camera-Symbol-48.png */ = {isa = PBXFileReference; lastKnownFileType = image.png; path = "Black-Camera-Symbol-48.png"; sourceTree = "<group>"; };
		2F24A71A138E5D9800B34B3D /* Calender-48.png */ = {isa = PBXFileReference; lastKnownFileType = image.png; path = "Calender-48.png"; sourceTree = "<group>"; };
		2F24A71B138E5D9800B34B3D /* Shopping-Cart-48.png */ = {isa = PBXFileReference; lastKnownFileType = image.png; path = "Shopping-Cart-48.png"; sourceTree = "<group>"; };
		2F24A71C138E5D9800B34B3D /* Wrench-48.png */ = {isa = PBXFileReference; lastKnownFileType = image.png; path = "Wrench-48.png"; sourceTree = "<group>"; };
		2F24A722138E5F4900B34B3D /* Book-48.png */ = {isa = PBXFileReference; lastKnownFileType = image.png; path = "Book-48.png"; sourceTree = "<group>"; };
		2F24A728138E60C300B34B3D /* ExpenseViewController.h */ = {isa = PBXFileReference; fileEncoding = 4; lastKnownFileType = sourcecode.c.h; path = ExpenseViewController.h; sourceTree = "<group>"; };
		2F24A729138E60C300B34B3D /* ExpenseViewController.m */ = {isa = PBXFileReference; fileEncoding = 4; lastKnownFileType = sourcecode.c.objc; path = ExpenseViewController.m; sourceTree = "<group>"; };
		2F24A72A138E60C300B34B3D /* ExpenseView.xib */ = {isa = PBXFileReference; fileEncoding = 4; lastKnownFileType = file.xib; path = ExpenseView.xib; sourceTree = "<group>"; };
		2F5B1C9313A644470001D898 /* libsqlite3.dylib */ = {isa = PBXFileReference; lastKnownFileType = "compiled.mach-o.dylib"; name = libsqlite3.dylib; path = usr/lib/libsqlite3.dylib; sourceTree = SDKROOT; };
		2F85DE53139F9AD10038A86B /* QuartzCore.framework */ = {isa = PBXFileReference; lastKnownFileType = wrapper.framework; name = QuartzCore.framework; path = System/Library/Frameworks/QuartzCore.framework; sourceTree = SDKROOT; };
		2F85DE58139FA23C0038A86B /* blank_postit.png */ = {isa = PBXFileReference; lastKnownFileType = image.png; path = blank_postit.png; sourceTree = "<group>"; };
		2FA0E225138E6E24006D7714 /* SettingViewController.h */ = {isa = PBXFileReference; fileEncoding = 4; lastKnownFileType = sourcecode.c.h; path = SettingViewController.h; sourceTree = "<group>"; };
		2FA0E226138E6E24006D7714 /* SettingViewController.m */ = {isa = PBXFileReference; fileEncoding = 4; lastKnownFileType = sourcecode.c.objc; path = SettingViewController.m; sourceTree = "<group>"; };
		2FA0E227138E6E24006D7714 /* SettingView.xib */ = {isa = PBXFileReference; fileEncoding = 4; lastKnownFileType = file.xib; path = SettingView.xib; sourceTree = "<group>"; };
		2FA0E22C138E7D90006D7714 /* SettingCell.h */ = {isa = PBXFileReference; fileEncoding = 4; lastKnownFileType = sourcecode.c.h; path = SettingCell.h; sourceTree = "<group>"; };
		2FA0E22D138E7D90006D7714 /* SettingCell.m */ = {isa = PBXFileReference; fileEncoding = 4; lastKnownFileType = sourcecode.c.objc; path = SettingCell.m; sourceTree = "<group>"; };
		2FDC14491398BA51007B1723 /* AddNewRecordView.xib */ = {isa = PBXFileReference; fileEncoding = 4; lastKnownFileType = file.xib; path = AddNewRecordView.xib; sourceTree = "<group>"; };
		2FE34FD8139288420035D58E /* calendar_blank.png */ = {isa = PBXFileReference; lastKnownFileType = image.png; path = calendar_blank.png; sourceTree = "<group>"; };
		2FEA03D1139F850A00B76391 /* ExpenditureCalendarView.xib */ = {isa = PBXFileReference; fileEncoding = 4; lastKnownFileType = file.xib; path = ExpenditureCalendarView.xib; sourceTree = "<group>"; };
		2FEA03D7139F8A4700B76391 /* ExpenditureCalendarViewController.h */ = {isa = PBXFileReference; fileEncoding = 4; lastKnownFileType = sourcecode.c.h; path = ExpenditureCalendarViewController.h; sourceTree = "<group>"; };
		2FEA03D8139F8A4700B76391 /* ExpenditureCalendarViewController.m */ = {isa = PBXFileReference; fileEncoding = 4; lastKnownFileType = sourcecode.c.objc; path = ExpenditureCalendarViewController.m; sourceTree = "<group>"; };
		41241A48139FBDD400CF38F3 /* UIImage+Alpha.h */ = {isa = PBXFileReference; fileEncoding = 4; lastKnownFileType = sourcecode.c.h; name = "UIImage+Alpha.h"; path = "UIImageCategory/UIImage+Alpha.h"; sourceTree = "<group>"; };
		41241A49139FBDD400CF38F3 /* UIImage+Alpha.m */ = {isa = PBXFileReference; fileEncoding = 4; lastKnownFileType = sourcecode.c.objc; name = "UIImage+Alpha.m"; path = "UIImageCategory/UIImage+Alpha.m"; sourceTree = "<group>"; };
		41241A4A139FBDD400CF38F3 /* UIImage+Resize.h */ = {isa = PBXFileReference; fileEncoding = 4; lastKnownFileType = sourcecode.c.h; name = "UIImage+Resize.h"; path = "UIImageCategory/UIImage+Resize.h"; sourceTree = "<group>"; };
		41241A4B139FBDD400CF38F3 /* UIImage+Resize.m */ = {isa = PBXFileReference; fileEncoding = 4; lastKnownFileType = sourcecode.c.objc; name = "UIImage+Resize.m"; path = "UIImageCategory/UIImage+Resize.m"; sourceTree = "<group>"; };
		41241A4C139FBDD400CF38F3 /* UIImage+RoundedCorner.h */ = {isa = PBXFileReference; fileEncoding = 4; lastKnownFileType = sourcecode.c.h; name = "UIImage+RoundedCorner.h"; path = "UIImageCategory/UIImage+RoundedCorner.h"; sourceTree = "<group>"; };
		41241A4D139FBDD400CF38F3 /* UIImage+RoundedCorner.m */ = {isa = PBXFileReference; fileEncoding = 4; lastKnownFileType = sourcecode.c.objc; name = "UIImage+RoundedCorner.m"; path = "UIImageCategory/UIImage+RoundedCorner.m"; sourceTree = "<group>"; };
		41241A51139FBDE800CF38F3 /* OverlayView.h */ = {isa = PBXFileReference; fileEncoding = 4; lastKnownFileType = sourcecode.c.h; path = OverlayView.h; sourceTree = "<group>"; };
		41241A52139FBDE800CF38F3 /* OverlayView.m */ = {isa = PBXFileReference; fileEncoding = 4; lastKnownFileType = sourcecode.c.objc; path = OverlayView.m; sourceTree = "<group>"; };
		41241A53139FBDE800CF38F3 /* ScanButton.h */ = {isa = PBXFileReference; fileEncoding = 4; lastKnownFileType = sourcecode.c.h; path = ScanButton.h; sourceTree = "<group>"; };
		41241A54139FBDE800CF38F3 /* ScanButton.m */ = {isa = PBXFileReference; fileEncoding = 4; lastKnownFileType = sourcecode.c.objc; path = ScanButton.m; sourceTree = "<group>"; };
		41241A55139FBDE800CF38F3 /* ZoomableImage.h */ = {isa = PBXFileReference; fileEncoding = 4; lastKnownFileType = sourcecode.c.h; path = ZoomableImage.h; sourceTree = "<group>"; };
		41241A56139FBDE800CF38F3 /* ZoomableImage.m */ = {isa = PBXFileReference; fileEncoding = 4; lastKnownFileType = sourcecode.c.objc; path = ZoomableImage.m; sourceTree = "<group>"; };
		41241A5A139FBE0C00CF38F3 /* AudioToolbox.framework */ = {isa = PBXFileReference; lastKnownFileType = wrapper.framework; name = AudioToolbox.framework; path = System/Library/Frameworks/AudioToolbox.framework; sourceTree = SDKROOT; };
		41241A5C139FBE0E00CF38F3 /* AVFoundation.framework */ = {isa = PBXFileReference; lastKnownFileType = wrapper.framework; name = AVFoundation.framework; path = System/Library/Frameworks/AVFoundation.framework; sourceTree = SDKROOT; };
		41241A5E139FBE1300CF38F3 /* CoreMedia.framework */ = {isa = PBXFileReference; lastKnownFileType = wrapper.framework; name = CoreMedia.framework; path = System/Library/Frameworks/CoreMedia.framework; sourceTree = SDKROOT; };
		41241A60139FBE1900CF38F3 /* CoreVideo.framework */ = {isa = PBXFileReference; lastKnownFileType = wrapper.framework; name = CoreVideo.framework; path = System/Library/Frameworks/CoreVideo.framework; sourceTree = SDKROOT; };
		41241A62139FBE2000CF38F3 /* QuartzCore.framework */ = {isa = PBXFileReference; lastKnownFileType = wrapper.framework; name = QuartzCore.framework; path = System/Library/Frameworks/QuartzCore.framework; sourceTree = SDKROOT; };
		41241A63139FBE3200CF38F3 /* libtesseract_api.a */ = {isa = PBXFileReference; lastKnownFileType = archive.ar; name = libtesseract_api.a; path = Nodazi/tesseract/lib/libtesseract_api.a; sourceTree = "<group>"; };
		41241A64139FBE3200CF38F3 /* libtesseract_ccstruct.a */ = {isa = PBXFileReference; lastKnownFileType = archive.ar; name = libtesseract_ccstruct.a; path = Nodazi/tesseract/lib/libtesseract_ccstruct.a; sourceTree = "<group>"; };
		41241A65139FBE3200CF38F3 /* libtesseract_ccutil.a */ = {isa = PBXFileReference; lastKnownFileType = archive.ar; name = libtesseract_ccutil.a; path = Nodazi/tesseract/lib/libtesseract_ccutil.a; sourceTree = "<group>"; };
		41241A66139FBE3200CF38F3 /* libtesseract_classify.a */ = {isa = PBXFileReference; lastKnownFileType = archive.ar; name = libtesseract_classify.a; path = Nodazi/tesseract/lib/libtesseract_classify.a; sourceTree = "<group>"; };
		41241A67139FBE3200CF38F3 /* libtesseract_cutil.a */ = {isa = PBXFileReference; lastKnownFileType = archive.ar; name = libtesseract_cutil.a; path = Nodazi/tesseract/lib/libtesseract_cutil.a; sourceTree = "<group>"; };
		41241A68139FBE3200CF38F3 /* libtesseract_dict.a */ = {isa = PBXFileReference; lastKnownFileType = archive.ar; name = libtesseract_dict.a; path = Nodazi/tesseract/lib/libtesseract_dict.a; sourceTree = "<group>"; };
		41241A69139FBE3200CF38F3 /* libtesseract_image.a */ = {isa = PBXFileReference; lastKnownFileType = archive.ar; name = libtesseract_image.a; path = Nodazi/tesseract/lib/libtesseract_image.a; sourceTree = "<group>"; };
		41241A6A139FBE3200CF38F3 /* libtesseract_main.a */ = {isa = PBXFileReference; lastKnownFileType = archive.ar; name = libtesseract_main.a; path = Nodazi/tesseract/lib/libtesseract_main.a; sourceTree = "<group>"; };
		41241A6B139FBE3200CF38F3 /* libtesseract_textord.a */ = {isa = PBXFileReference; lastKnownFileType = archive.ar; name = libtesseract_textord.a; path = Nodazi/tesseract/lib/libtesseract_textord.a; sourceTree = "<group>"; };
		41241A6C139FBE3200CF38F3 /* libtesseract_training.a */ = {isa = PBXFileReference; lastKnownFileType = archive.ar; name = libtesseract_training.a; path = Nodazi/tesseract/lib/libtesseract_training.a; sourceTree = "<group>"; };
		41241A6D139FBE3200CF38F3 /* libtesseract_viewer.a */ = {isa = PBXFileReference; lastKnownFileType = archive.ar; name = libtesseract_viewer.a; path = Nodazi/tesseract/lib/libtesseract_viewer.a; sourceTree = "<group>"; };
		41241A6E139FBE3200CF38F3 /* libtesseract_wordrec.a */ = {isa = PBXFileReference; lastKnownFileType = archive.ar; name = libtesseract_wordrec.a; path = Nodazi/tesseract/lib/libtesseract_wordrec.a; sourceTree = "<group>"; };
		41241A7B139FBE3B00CF38F3 /* baseapi.h */ = {isa = PBXFileReference; fileEncoding = 4; lastKnownFileType = sourcecode.c.h; name = baseapi.h; path = tesseract/h/baseapi.h; sourceTree = "<group>"; };
		41241A7C139FBE3B00CF38F3 /* thresholder.h */ = {isa = PBXFileReference; fileEncoding = 4; lastKnownFileType = sourcecode.c.h; name = thresholder.h; path = tesseract/h/thresholder.h; sourceTree = "<group>"; };
		41E1F62013A0E52600DBB98E /* libopencv_core.a */ = {isa = PBXFileReference; lastKnownFileType = archive.ar; name = libopencv_core.a; path = opencv_device/lib/libopencv_core.a; sourceTree = "<group>"; };
		41E1F62113A0E52600DBB98E /* libopencv_imgproc.a */ = {isa = PBXFileReference; lastKnownFileType = archive.ar; name = libopencv_imgproc.a; path = opencv_device/lib/libopencv_imgproc.a; sourceTree = "<group>"; };
		41E1F62213A0E52600DBB98E /* libopencv_objdetect.a */ = {isa = PBXFileReference; lastKnownFileType = archive.ar; name = libopencv_objdetect.a; path = opencv_device/lib/libopencv_objdetect.a; sourceTree = "<group>"; };
		41E1F62613A0E64D00DBB98E /* Accelerate.framework */ = {isa = PBXFileReference; lastKnownFileType = wrapper.framework; name = Accelerate.framework; path = System/Library/Frameworks/Accelerate.framework; sourceTree = SDKROOT; };
		41E1F65113A0E95A00DBB98E /* tessdata-svn */ = {isa = PBXFileReference; lastKnownFileType = folder; name = "tessdata-svn"; path = "tesseract/tessdata-svn"; sourceTree = "<group>"; };
		AC1960B9139E5EA5009536FC /* MapKit.framework */ = {isa = PBXFileReference; lastKnownFileType = wrapper.framework; name = MapKit.framework; path = System/Library/Frameworks/MapKit.framework; sourceTree = SDKROOT; };
		AC3E81A113A77073006D01AB /* CoreLocation.framework */ = {isa = PBXFileReference; lastKnownFileType = wrapper.framework; name = CoreLocation.framework; path = System/Library/Frameworks/CoreLocation.framework; sourceTree = SDKROOT; };
		AC3E81A813A78EED006D01AB /* Gold-Goins-64.png */ = {isa = PBXFileReference; lastKnownFileType = image.png; path = "Gold-Goins-64.png"; sourceTree = "<group>"; };
		AC3E81AB13A78F7F006D01AB /* goldicon.png */ = {isa = PBXFileReference; lastKnownFileType = image.png; path = goldicon.png; sourceTree = "<group>"; };
		AC44C69E1392A2200078E586 /* Add-32.png */ = {isa = PBXFileReference; lastKnownFileType = image.png; path = "Add-32.png"; sourceTree = "<group>"; };
		AC6A4B0E13A74B4E00EB6421 /* PlaceMarker.h */ = {isa = PBXFileReference; fileEncoding = 4; lastKnownFileType = sourcecode.c.h; path = PlaceMarker.h; sourceTree = "<group>"; };
		AC6A4B0F13A74B4E00EB6421 /* PlaceMarker.m */ = {isa = PBXFileReference; fileEncoding = 4; lastKnownFileType = sourcecode.c.objc; path = PlaceMarker.m; sourceTree = "<group>"; };
		AC889DED139FB2D80072DFC5 /* star-0.png */ = {isa = PBXFileReference; lastKnownFileType = image.png; path = "star-0.png"; sourceTree = "<group>"; };
		AC889DF0139FB2E20072DFC5 /* star-4.png */ = {isa = PBXFileReference; lastKnownFileType = image.png; path = "star-4.png"; sourceTree = "<group>"; };
		ACB5CB8113A5C8C500A93A83 /* StoreLocationView.h */ = {isa = PBXFileReference; fileEncoding = 4; lastKnownFileType = sourcecode.c.h; path = StoreLocationView.h; sourceTree = "<group>"; };
		ACB5CB8213A5C8C600A93A83 /* StoreLocationView.m */ = {isa = PBXFileReference; fileEncoding = 4; lastKnownFileType = sourcecode.c.objc; path = StoreLocationView.m; sourceTree = "<group>"; };
		ACB5CB8513A7327900A93A83 /* SettingStartUp.h */ = {isa = PBXFileReference; fileEncoding = 4; lastKnownFileType = sourcecode.c.h; path = SettingStartUp.h; sourceTree = "<group>"; };
		ACB5CB8613A7327900A93A83 /* SettingStartUp.m */ = {isa = PBXFileReference; fileEncoding = 4; lastKnownFileType = sourcecode.c.objc; path = SettingStartUp.m; sourceTree = "<group>"; };
		ACB5CB8813A7329800A93A83 /* SettingStartup.xib */ = {isa = PBXFileReference; fileEncoding = 4; lastKnownFileType = file.xib; path = SettingStartup.xib; sourceTree = "<group>"; };
		ACEC1C4213933F74009DD4EA /* FoundStore.h */ = {isa = PBXFileReference; fileEncoding = 4; lastKnownFileType = sourcecode.c.h; path = FoundStore.h; sourceTree = "<group>"; };
		ACEC1C4313933F74009DD4EA /* FoundStore.m */ = {isa = PBXFileReference; fileEncoding = 4; lastKnownFileType = sourcecode.c.objc; path = FoundStore.m; sourceTree = "<group>"; };
		ACEC1C4413933F74009DD4EA /* FoundStore.xib */ = {isa = PBXFileReference; fileEncoding = 4; lastKnownFileType = file.xib; path = FoundStore.xib; sourceTree = "<group>"; };
		BC9416ED139DF63F0022DEE2 /* Start-up Screen.xib */ = {isa = PBXFileReference; fileEncoding = 4; lastKnownFileType = file.xib; name = "Start-up Screen.xib"; path = "Nodazi/Start-up Screen.xib"; sourceTree = "<group>"; };
		BC9416F5139DFDFE0022DEE2 /* Reset All Data.xib */ = {isa = PBXFileReference; fileEncoding = 4; lastKnownFileType = file.xib; name = "Reset All Data.xib"; path = "Nodazi/Reset All Data.xib"; sourceTree = "<group>"; };
		BC9416F6139DFDFE0022DEE2 /* Monthly Start Date.xib */ = {isa = PBXFileReference; fileEncoding = 4; lastKnownFileType = file.xib; name = "Monthly Start Date.xib"; path = "Nodazi/Monthly Start Date.xib"; sourceTree = "<group>"; };
		BC9416F7139DFDFE0022DEE2 /* Enable Password.xib */ = {isa = PBXFileReference; fileEncoding = 4; lastKnownFileType = file.xib; name = "Enable Password.xib"; path = "Nodazi/Enable Password.xib"; sourceTree = "<group>"; };
		BCE024501399ECAC00ED7003 /* Show Tooltip.xib */ = {isa = PBXFileReference; fileEncoding = 4; lastKnownFileType = file.xib; name = "Show Tooltip.xib"; path = "Nodazi/Show Tooltip.xib"; sourceTree = "<group>"; };
/* End PBXFileReference section */

/* Begin PBXFrameworksBuildPhase section */
		2F24A6EB138E54BF00B34B3D /* Frameworks */ = {
			isa = PBXFrameworksBuildPhase;
			buildActionMask = 2147483647;
			files = (
				AC3E81A213A77073006D01AB /* CoreLocation.framework in Frameworks */,
				2F5B1C9413A644470001D898 /* libsqlite3.dylib in Frameworks */,
				41E1F62713A0E64D00DBB98E /* Accelerate.framework in Frameworks */,
				2F85DE54139F9AD10038A86B /* QuartzCore.framework in Frameworks */,
				41241A61139FBE1900CF38F3 /* CoreVideo.framework in Frameworks */,
				41241A5F139FBE1300CF38F3 /* CoreMedia.framework in Frameworks */,
				41241A5D139FBE0E00CF38F3 /* AVFoundation.framework in Frameworks */,
				41241A5B139FBE0C00CF38F3 /* AudioToolbox.framework in Frameworks */,
				AC1960BA139E5EA5009536FC /* MapKit.framework in Frameworks */,
				2F24A6F3138E54BF00B34B3D /* UIKit.framework in Frameworks */,
				2F24A6F5138E54BF00B34B3D /* Foundation.framework in Frameworks */,
				2F24A6F7138E54BF00B34B3D /* CoreGraphics.framework in Frameworks */,
				41241A6F139FBE3200CF38F3 /* libtesseract_api.a in Frameworks */,
				41241A70139FBE3200CF38F3 /* libtesseract_ccstruct.a in Frameworks */,
				41241A71139FBE3200CF38F3 /* libtesseract_ccutil.a in Frameworks */,
				41241A72139FBE3200CF38F3 /* libtesseract_classify.a in Frameworks */,
				41241A73139FBE3200CF38F3 /* libtesseract_cutil.a in Frameworks */,
				41241A74139FBE3200CF38F3 /* libtesseract_dict.a in Frameworks */,
				41241A75139FBE3200CF38F3 /* libtesseract_image.a in Frameworks */,
				41241A76139FBE3200CF38F3 /* libtesseract_main.a in Frameworks */,
				41241A77139FBE3200CF38F3 /* libtesseract_textord.a in Frameworks */,
				41241A78139FBE3200CF38F3 /* libtesseract_training.a in Frameworks */,
				41241A79139FBE3200CF38F3 /* libtesseract_viewer.a in Frameworks */,
				41241A7A139FBE3200CF38F3 /* libtesseract_wordrec.a in Frameworks */,
				41E1F62313A0E52600DBB98E /* libopencv_core.a in Frameworks */,
				41E1F62413A0E52600DBB98E /* libopencv_imgproc.a in Frameworks */,
				41E1F62513A0E52600DBB98E /* libopencv_objdetect.a in Frameworks */,
			);
			runOnlyForDeploymentPostprocessing = 0;
		};
/* End PBXFrameworksBuildPhase section */

/* Begin PBXGroup section */
		2F24A6E3138E54BF00B34B3D = {
			isa = PBXGroup;
			children = (
				AC3E81AB13A78F7F006D01AB /* goldicon.png */,
				AC3E81A113A77073006D01AB /* CoreLocation.framework */,
				2F5B1C9313A644470001D898 /* libsqlite3.dylib */,
				2F24A6F8138E54BF00B34B3D /* Nodazi */,
				2F24A6F1138E54BF00B34B3D /* Frameworks */,
				2F24A6EF138E54BF00B34B3D /* Products */,
			);
			sourceTree = "<group>";
		};
		2F24A6EF138E54BF00B34B3D /* Products */ = {
			isa = PBXGroup;
			children = (
				2F24A6EE138E54BF00B34B3D /* Nodazi.app */,
			);
			name = Products;
			sourceTree = "<group>";
		};
		2F24A6F1138E54BF00B34B3D /* Frameworks */ = {
			isa = PBXGroup;
			children = (
				41E1F62613A0E64D00DBB98E /* Accelerate.framework */,
				41241A62139FBE2000CF38F3 /* QuartzCore.framework */,
				41241A60139FBE1900CF38F3 /* CoreVideo.framework */,
				41241A5E139FBE1300CF38F3 /* CoreMedia.framework */,
				41241A5C139FBE0E00CF38F3 /* AVFoundation.framework */,
				41241A5A139FBE0C00CF38F3 /* AudioToolbox.framework */,
				2F85DE53139F9AD10038A86B /* QuartzCore.framework */,
				AC1960B9139E5EA5009536FC /* MapKit.framework */,
				41E1F61F13A0E50500DBB98E /* Libraries */,
				41241A63139FBE3200CF38F3 /* libtesseract_api.a */,
				41241A64139FBE3200CF38F3 /* libtesseract_ccstruct.a */,
				41241A65139FBE3200CF38F3 /* libtesseract_ccutil.a */,
				41241A66139FBE3200CF38F3 /* libtesseract_classify.a */,
				41241A67139FBE3200CF38F3 /* libtesseract_cutil.a */,
				41241A68139FBE3200CF38F3 /* libtesseract_dict.a */,
				41241A69139FBE3200CF38F3 /* libtesseract_image.a */,
				41241A6A139FBE3200CF38F3 /* libtesseract_main.a */,
				41241A6B139FBE3200CF38F3 /* libtesseract_textord.a */,
				41241A6C139FBE3200CF38F3 /* libtesseract_training.a */,
				41241A6D139FBE3200CF38F3 /* libtesseract_viewer.a */,
				41241A6E139FBE3200CF38F3 /* libtesseract_wordrec.a */,
				2F24A6F2138E54BF00B34B3D /* UIKit.framework */,
				2F24A6F4138E54BF00B34B3D /* Foundation.framework */,
				2F24A6F6138E54BF00B34B3D /* CoreGraphics.framework */,
			);
			name = Frameworks;
			sourceTree = "<group>";
		};
		2F24A6F8138E54BF00B34B3D /* Nodazi */ = {
			isa = PBXGroup;
			children = (
				41E1F65113A0E95A00DBB98E /* tessdata-svn */,
				41241A7B139FBE3B00CF38F3 /* baseapi.h */,
				41241A7C139FBE3B00CF38F3 /* thresholder.h */,
				41241A51139FBDE800CF38F3 /* OverlayView.h */,
				41241A52139FBDE800CF38F3 /* OverlayView.m */,
				41241A53139FBDE800CF38F3 /* ScanButton.h */,
				41241A54139FBDE800CF38F3 /* ScanButton.m */,
				41241A55139FBDE800CF38F3 /* ZoomableImage.h */,
				41241A56139FBDE800CF38F3 /* ZoomableImage.m */,
				41241A48139FBDD400CF38F3 /* UIImage+Alpha.h */,
				41241A49139FBDD400CF38F3 /* UIImage+Alpha.m */,
				41241A4A139FBDD400CF38F3 /* UIImage+Resize.h */,
				41241A4B139FBDD400CF38F3 /* UIImage+Resize.m */,
				41241A4C139FBDD400CF38F3 /* UIImage+RoundedCorner.h */,
				41241A4D139FBDD400CF38F3 /* UIImage+RoundedCorner.m */,
				2F85DE58139FA23C0038A86B /* blank_postit.png */,
				BC9416EB139DF5ED0022DEE2 /* Settings */,
				2FE34FD8139288420035D58E /* calendar_blank.png */,
				2F24A721138E5DC300B34B3D /* Icons */,
				2F24A701138E54BF00B34B3D /* NodaziAppDelegate.h */,
				2F24A702138E54BF00B34B3D /* NodaziAppDelegate.m */,
				2F24A704138E54C000B34B3D /* MainWindow.xib */,
				ACEC1C4213933F74009DD4EA /* FoundStore.h */,
				ACEC1C4313933F74009DD4EA /* FoundStore.m */,
				ACEC1C4413933F74009DD4EA /* FoundStore.xib */,
				ACB5CB8113A5C8C500A93A83 /* StoreLocationView.h */,
				ACB5CB8213A5C8C600A93A83 /* StoreLocationView.m */,
				2F24A707138E54C000B34B3D /* FirstViewController.h */,
				2F24A708138E54C000B34B3D /* FirstViewController.mm */,
				2F24A70A138E54C000B34B3D /* SecondViewController.h */,
				2F24A70B138E54C000B34B3D /* SecondViewController.m */,
				2FA0E225138E6E24006D7714 /* SettingViewController.h */,
				2FA0E226138E6E24006D7714 /* SettingViewController.m */,
				ACB5CB8513A7327900A93A83 /* SettingStartUp.h */,
				ACB5CB8813A7329800A93A83 /* SettingStartup.xib */,
				ACB5CB8613A7327900A93A83 /* SettingStartUp.m */,
				2FA0E22C138E7D90006D7714 /* SettingCell.h */,
				2FA0E22D138E7D90006D7714 /* SettingCell.m */,
				2FA0E227138E6E24006D7714 /* SettingView.xib */,
				2F24A728138E60C300B34B3D /* ExpenseViewController.h */,
				2F24A729138E60C300B34B3D /* ExpenseViewController.m */,
				2F24A72A138E60C300B34B3D /* ExpenseView.xib */,
				2F24A70D138E54C000B34B3D /* FirstView.xib */,
				2F24A710138E54C000B34B3D /* SecondView.xib */,
				2F24A6F9138E54BF00B34B3D /* Supporting Files */,
				2FDC14491398BA51007B1723 /* AddNewRecordView.xib */,
				2F120435139CD3CB00C9096B /* AddNewRecordVIewController.h */,
				2F120436139CD3CB00C9096B /* AddNewRecordVIewController.m */,
				2FEA03D1139F850A00B76391 /* ExpenditureCalendarView.xib */,
				2FEA03D7139F8A4700B76391 /* ExpenditureCalendarViewController.h */,
				2FEA03D8139F8A4700B76391 /* ExpenditureCalendarViewController.m */,
				AC6A4B0E13A74B4E00EB6421 /* PlaceMarker.h */,
				AC6A4B0F13A74B4E00EB6421 /* PlaceMarker.m */,
			);
			path = Nodazi;
			sourceTree = "<group>";
		};
		2F24A6F9138E54BF00B34B3D /* Supporting Files */ = {
			isa = PBXGroup;
			children = (
				2F24A6FA138E54BF00B34B3D /* Nodazi-Info.plist */,
				2F24A6FB138E54BF00B34B3D /* InfoPlist.strings */,
				2F24A6FE138E54BF00B34B3D /* Nodazi-Prefix.pch */,
				2F24A6FF138E54BF00B34B3D /* main.m */,
			);
			name = "Supporting Files";
			sourceTree = "<group>";
		};
		2F24A721138E5DC300B34B3D /* Icons */ = {
			isa = PBXGroup;
			children = (
				AC3E81A813A78EED006D01AB /* Gold-Goins-64.png */,
				AC889DED139FB2D80072DFC5 /* star-0.png */,
				AC889DF0139FB2E20072DFC5 /* star-4.png */,
				AC44C69E1392A2200078E586 /* Add-32.png */,
				2F24A722138E5F4900B34B3D /* Book-48.png */,
				2F24A71A138E5D9800B34B3D /* Calender-48.png */,
				2F24A71B138E5D9800B34B3D /* Shopping-Cart-48.png */,
				2F24A71C138E5D9800B34B3D /* Wrench-48.png */,
				2F24A718138E5B7900B34B3D /* Black-Camera-Symbol-48.png */,
			);
			name = Icons;
			sourceTree = "<group>";
		};
		41E1F61F13A0E50500DBB98E /* Libraries */ = {
			isa = PBXGroup;
			children = (
				41E1F62013A0E52600DBB98E /* libopencv_core.a */,
				41E1F62113A0E52600DBB98E /* libopencv_imgproc.a */,
				41E1F62213A0E52600DBB98E /* libopencv_objdetect.a */,
			);
			name = Libraries;
			sourceTree = "<group>";
		};
		BC9416EB139DF5ED0022DEE2 /* Settings */ = {
			isa = PBXGroup;
			children = (
				BC9416F5139DFDFE0022DEE2 /* Reset All Data.xib */,
				BC9416F6139DFDFE0022DEE2 /* Monthly Start Date.xib */,
				BC9416F7139DFDFE0022DEE2 /* Enable Password.xib */,
				BCE024501399ECAC00ED7003 /* Show Tooltip.xib */,
				BC9416ED139DF63F0022DEE2 /* Start-up Screen.xib */,
			);
			name = Settings;
			path = ..;
			sourceTree = "<group>";
		};
/* End PBXGroup section */

/* Begin PBXNativeTarget section */
		2F24A6ED138E54BF00B34B3D /* Nodazi */ = {
			isa = PBXNativeTarget;
			buildConfigurationList = 2F24A715138E54C000B34B3D /* Build configuration list for PBXNativeTarget "Nodazi" */;
			buildPhases = (
				2F24A6EA138E54BF00B34B3D /* Sources */,
				2F24A6EB138E54BF00B34B3D /* Frameworks */,
				2F24A6EC138E54BF00B34B3D /* Resources */,
			);
			buildRules = (
			);
			dependencies = (
			);
			name = Nodazi;
			productName = Nodazi;
			productReference = 2F24A6EE138E54BF00B34B3D /* Nodazi.app */;
			productType = "com.apple.product-type.application";
		};
/* End PBXNativeTarget section */

/* Begin PBXProject section */
		2F24A6E5138E54BF00B34B3D /* Project object */ = {
			isa = PBXProject;
			attributes = {
				ORGANIZATIONNAME = "서울대학교";
			};
			buildConfigurationList = 2F24A6E8138E54BF00B34B3D /* Build configuration list for PBXProject "Nodazi" */;
			compatibilityVersion = "Xcode 3.2";
			developmentRegion = English;
			hasScannedForEncodings = 0;
			knownRegions = (
				en,
			);
			mainGroup = 2F24A6E3138E54BF00B34B3D;
			productRefGroup = 2F24A6EF138E54BF00B34B3D /* Products */;
			projectDirPath = "";
			projectRoot = "";
			targets = (
				2F24A6ED138E54BF00B34B3D /* Nodazi */,
			);
		};
/* End PBXProject section */

/* Begin PBXResourcesBuildPhase section */
		2F24A6EC138E54BF00B34B3D /* Resources */ = {
			isa = PBXResourcesBuildPhase;
			buildActionMask = 2147483647;
			files = (
				2F24A6FD138E54BF00B34B3D /* InfoPlist.strings in Resources */,
				2F24A706138E54C000B34B3D /* MainWindow.xib in Resources */,
				2F24A70F138E54C000B34B3D /* FirstView.xib in Resources */,
				2F24A712138E54C000B34B3D /* SecondView.xib in Resources */,
				2F24A719138E5B7900B34B3D /* Black-Camera-Symbol-48.png in Resources */,
				2F24A71D138E5D9800B34B3D /* Calender-48.png in Resources */,
				2F24A71E138E5D9800B34B3D /* Shopping-Cart-48.png in Resources */,
				2F24A71F138E5D9800B34B3D /* Wrench-48.png in Resources */,
				2F24A723138E5F4900B34B3D /* Book-48.png in Resources */,
				2F24A72C138E60C300B34B3D /* ExpenseView.xib in Resources */,
				2FA0E229138E6E24006D7714 /* SettingView.xib in Resources */,
				2FE34FD9139288420035D58E /* calendar_blank.png in Resources */,
				AC44C69F1392A2200078E586 /* Add-32.png in Resources */,
				ACEC1C4613933F74009DD4EA /* FoundStore.xib in Resources */,
				2FDC144A1398BA51007B1723 /* AddNewRecordView.xib in Resources */,
				BCE024511399ECAC00ED7003 /* Show Tooltip.xib in Resources */,
				BC9416EE139DF63F0022DEE2 /* Start-up Screen.xib in Resources */,
				BC9416F8139DFDFE0022DEE2 /* Reset All Data.xib in Resources */,
				BC9416F9139DFDFE0022DEE2 /* Monthly Start Date.xib in Resources */,
				BC9416FA139DFDFE0022DEE2 /* Enable Password.xib in Resources */,
				2FEA03D2139F850A00B76391 /* ExpenditureCalendarView.xib in Resources */,
				2F85DE59139FA23C0038A86B /* blank_postit.png in Resources */,
				AC889DEE139FB2D80072DFC5 /* star-0.png in Resources */,
				AC889DF1139FB2E20072DFC5 /* star-4.png in Resources */,
				41E1F65213A0E95A00DBB98E /* tessdata-svn in Resources */,
				ACB5CB8913A7329800A93A83 /* SettingStartup.xib in Resources */,
				AC3E81A913A78EED006D01AB /* Gold-Goins-64.png in Resources */,
				AC3E81AC13A78F7F006D01AB /* goldicon.png in Resources */,
			);
			runOnlyForDeploymentPostprocessing = 0;
		};
/* End PBXResourcesBuildPhase section */

/* Begin PBXSourcesBuildPhase section */
		2F24A6EA138E54BF00B34B3D /* Sources */ = {
			isa = PBXSourcesBuildPhase;
			buildActionMask = 2147483647;
			files = (
				2F24A700138E54BF00B34B3D /* main.m in Sources */,
				2F24A703138E54BF00B34B3D /* NodaziAppDelegate.m in Sources */,
				2F24A709138E54C000B34B3D /* FirstViewController.mm in Sources */,
				2F24A70C138E54C000B34B3D /* SecondViewController.m in Sources */,
				2F24A72B138E60C300B34B3D /* ExpenseViewController.m in Sources */,
				2FA0E228138E6E24006D7714 /* SettingViewController.m in Sources */,
				2FA0E22E138E7D90006D7714 /* SettingCell.m in Sources */,
				ACEC1C4513933F74009DD4EA /* FoundStore.m in Sources */,
				2F120437139CD3CB00C9096B /* AddNewRecordVIewController.m in Sources */,
				2FEA03D9139F8A4700B76391 /* ExpenditureCalendarViewController.m in Sources */,
				41241A4E139FBDD400CF38F3 /* UIImage+Alpha.m in Sources */,
				41241A4F139FBDD400CF38F3 /* UIImage+Resize.m in Sources */,
				41241A50139FBDD400CF38F3 /* UIImage+RoundedCorner.m in Sources */,
				41241A57139FBDE800CF38F3 /* OverlayView.m in Sources */,
				41241A58139FBDE800CF38F3 /* ScanButton.m in Sources */,
				41241A59139FBDE800CF38F3 /* ZoomableImage.m in Sources */,
				ACB5CB8313A5C8C600A93A83 /* StoreLocationView.m in Sources */,
				ACB5CB8713A7327900A93A83 /* SettingStartUp.m in Sources */,
				AC6A4B1013A74B4E00EB6421 /* PlaceMarker.m in Sources */,
			);
			runOnlyForDeploymentPostprocessing = 0;
		};
/* End PBXSourcesBuildPhase section */

/* Begin PBXVariantGroup section */
		2F24A6FB138E54BF00B34B3D /* InfoPlist.strings */ = {
			isa = PBXVariantGroup;
			children = (
				2F24A6FC138E54BF00B34B3D /* en */,
			);
			name = InfoPlist.strings;
			sourceTree = "<group>";
		};
		2F24A704138E54C000B34B3D /* MainWindow.xib */ = {
			isa = PBXVariantGroup;
			children = (
				2F24A705138E54C000B34B3D /* en */,
			);
			name = MainWindow.xib;
			sourceTree = "<group>";
		};
		2F24A70D138E54C000B34B3D /* FirstView.xib */ = {
			isa = PBXVariantGroup;
			children = (
				2F24A70E138E54C000B34B3D /* en */,
			);
			name = FirstView.xib;
			sourceTree = "<group>";
		};
		2F24A710138E54C000B34B3D /* SecondView.xib */ = {
			isa = PBXVariantGroup;
			children = (
				2F24A711138E54C000B34B3D /* en */,
			);
			name = SecondView.xib;
			sourceTree = "<group>";
		};
/* End PBXVariantGroup section */

/* Begin XCBuildConfiguration section */
		2F24A713138E54C000B34B3D /* Debug */ = {
			isa = XCBuildConfiguration;
			buildSettings = {
				ARCHS = "$(ARCHS_STANDARD_32_BIT)";
				"CODE_SIGN_IDENTITY[sdk=iphoneos*]" = "iPhone Developer";
				GCC_C_LANGUAGE_STANDARD = gnu99;
				GCC_OPTIMIZATION_LEVEL = 0;
				GCC_PREPROCESSOR_DEFINITIONS = DEBUG;
				GCC_SYMBOLS_PRIVATE_EXTERN = NO;
				GCC_VERSION = com.apple.compilers.llvmgcc42;
				GCC_WARN_ABOUT_RETURN_TYPE = YES;
				GCC_WARN_UNUSED_VARIABLE = YES;
				IPHONEOS_DEPLOYMENT_TARGET = 4.3;
				SDKROOT = iphoneos;
			};
			name = Debug;
		};
		2F24A714138E54C000B34B3D /* Release */ = {
			isa = XCBuildConfiguration;
			buildSettings = {
				ARCHS = "$(ARCHS_STANDARD_32_BIT)";
				"CODE_SIGN_IDENTITY[sdk=iphoneos*]" = "iPhone Developer";
				GCC_C_LANGUAGE_STANDARD = gnu99;
				GCC_VERSION = com.apple.compilers.llvmgcc42;
				GCC_WARN_ABOUT_RETURN_TYPE = YES;
				GCC_WARN_UNUSED_VARIABLE = YES;
				IPHONEOS_DEPLOYMENT_TARGET = 4.3;
				OTHER_CFLAGS = "-DNS_BLOCK_ASSERTIONS=1";
				SDKROOT = iphoneos;
			};
			name = Release;
		};
		2F24A716138E54C000B34B3D /* Debug */ = {
			isa = XCBuildConfiguration;
			buildSettings = {
				ALWAYS_SEARCH_USER_PATHS = NO;
				CODE_SIGN_IDENTITY = "iPhone Developer";
				COPY_PHASE_STRIP = NO;
				GCC_DYNAMIC_NO_PIC = NO;
				GCC_PRECOMPILE_PREFIX_HEADER = YES;
				GCC_PREFIX_HEADER = "Nodazi/Nodazi-Prefix.pch";
				"HEADER_SEARCH_PATHS[sdk=iphoneos*][arch=*]" = "\"$(SRCROOT)/opencv_device/include\"";
				"HEADER_SEARCH_PATHS[sdk=iphonesimulator*][arch=*]" = "\"$(SRCROOT)/opencv_simulator/include\"";
				INFOPLIST_FILE = "Nodazi/Nodazi-Info.plist";
				IPHONEOS_DEPLOYMENT_TARGET = 4.3;
				LIBRARY_SEARCH_PATHS = (
					"$(inherited)",
					"\"$(SRCROOT)/Nodazi/tesseract/lib\"",
				);
				"LIBRARY_SEARCH_PATHS[sdk=iphoneos*][arch=*]" = (
					"$(inherited)",
					"\"$(SRCROOT)/opencv_device/lib\"",
				);
				"LIBRARY_SEARCH_PATHS[sdk=iphonesimulator*][arch=*]" = (
					"$(inherited)",
					"\"$(SRCROOT)/opencv_simulator/lib\"",
				);
				OTHER_LDFLAGS = (
					"-lstdc++",
					"-lz",
				);
				PRODUCT_NAME = "$(TARGET_NAME)";
				PROVISIONING_PROFILE = "";
				WRAPPER_EXTENSION = app;
			};
			name = Debug;
		};
		2F24A717138E54C000B34B3D /* Release */ = {
			isa = XCBuildConfiguration;
			buildSettings = {
				ALWAYS_SEARCH_USER_PATHS = NO;
				CODE_SIGN_IDENTITY = "iPhone Developer";
				COPY_PHASE_STRIP = YES;
				GCC_PRECOMPILE_PREFIX_HEADER = YES;
				GCC_PREFIX_HEADER = "Nodazi/Nodazi-Prefix.pch";
				"HEADER_SEARCH_PATHS[sdk=iphoneos*][arch=*]" = "\"$(SRCROOT)/opencv_device/include\"";
				"HEADER_SEARCH_PATHS[sdk=iphonesimulator*][arch=*]" = "\"$(SRCROOT)/opencv_simulator/include\"";
				INFOPLIST_FILE = "Nodazi/Nodazi-Info.plist";
				IPHONEOS_DEPLOYMENT_TARGET = 4.3;
				LIBRARY_SEARCH_PATHS = (
					"$(inherited)",
					"\"$(SRCROOT)/Nodazi/tesseract/lib\"",
				);
				"LIBRARY_SEARCH_PATHS[sdk=iphoneos*][arch=*]" = (
					"$(inherited)",
					"\"$(SRCROOT)/opencv_device/lib\"",
				);
				"LIBRARY_SEARCH_PATHS[sdk=iphonesimulator*][arch=*]" = (
					"$(inherited)",
					"\"$(SRCROOT)/opencv_simulator/lib\"",
				);
				OTHER_LDFLAGS = (
					"-lstdc++",
					"-lz",
				);
				PRODUCT_NAME = "$(TARGET_NAME)";
				PROVISIONING_PROFILE = "";
				VALIDATE_PRODUCT = YES;
				WRAPPER_EXTENSION = app;
			};
			name = Release;
		};
/* End XCBuildConfiguration section */

/* Begin XCConfigurationList section */
		2F24A6E8138E54BF00B34B3D /* Build configuration list for PBXProject "Nodazi" */ = {
			isa = XCConfigurationList;
			buildConfigurations = (
				2F24A713138E54C000B34B3D /* Debug */,
				2F24A714138E54C000B34B3D /* Release */,
			);
			defaultConfigurationIsVisible = 0;
			defaultConfigurationName = Release;
		};
		2F24A715138E54C000B34B3D /* Build configuration list for PBXNativeTarget "Nodazi" */ = {
			isa = XCConfigurationList;
			buildConfigurations = (
				2F24A716138E54C000B34B3D /* Debug */,
				2F24A717138E54C000B34B3D /* Release */,
			);
			defaultConfigurationIsVisible = 0;
			defaultConfigurationName = Release;
		};
/* End XCConfigurationList section */
	};
	rootObject = 2F24A6E5138E54BF00B34B3D /* Project object */;
}
